
Microsoft Visual Studio Solution File, Format Version 12.00
Project("{FAE04EC0-301F-11D3-BF4B-00C04F79EFBC}") = "TicTacToe", "TicTacToe\TicTacToe.csproj", "{BBDE56F1-7729-4C09-AF27-0C9FAE3D6B6C}"
EndProject
Global
	GlobalSection(SolutionConfigurationPlatforms) = preSolution
		Debug|Any CPU = Debug|Any CPU
		Release|Any CPU = Release|Any CPU
	EndGlobalSection
	GlobalSection(ProjectConfigurationPlatforms) = postSolution
		{BBDE56F1-7729-4C09-AF27-0C9FAE3D6B6C}.Debug|Any CPU.ActiveCfg = Debug|Any CPU
		{BBDE56F1-7729-4C09-AF27-0C9FAE3D6B6C}.Debug|Any CPU.Build.0 = Debug|Any CPU
		{BBDE56F1-7729-4C09-AF27-0C9FAE3D6B6C}.Release|Any CPU.ActiveCfg = Release|Any CPU
		{BBDE56F1-7729-4C09-AF27-0C9FAE3D6B6C}.Release|Any CPU.Build.0 = Release|Any CPU
	EndGlobalSection
EndGlobal
